
Microsoft Visual Studio Solution File, Format Version 12.00
# Visual Studio 15
VisualStudioVersion = 15.0.28307.572
MinimumVisualStudioVersion = 10.0.40219.1
Project("{FAE04EC0-301F-11D3-BF4B-00C04F79EFBC}") = "AtxDataDumper", "AtxDataDumper\AtxDataDumper.csproj", "{6F22ECD9-F75F-4B66-9277-11E05E51A59B}"
EndProject
Project("{FAE04EC0-301F-11D3-BF4B-00C04F79EFBC}") = "AtxCsvDataConverter", "AtxCsvDataConverter\AtxCsvDataConverter.csproj", "{6DF4F5AD-16D7-4859-90B9-038BBEB9A445}"
EndProject
Project("{FAE04EC0-301F-11D3-BF4B-00C04F79EFBC}") = "AtxCsvPlotter", "AtxCsvPlotter\AtxCsvPlotter.csproj", "{405D23B7-9FCD-4C45-8187-2A19E7322BEE}"
EndProject
Project("{FAE04EC0-301F-11D3-BF4B-00C04F79EFBC}") = "AtxCsvAnalyzer", "AtxCsvAnalyzer\AtxCsvAnalyzer.csproj", "{D3065108-739E-41EF-97C3-C834235190BD}"
EndProject
Project("{FAE04EC0-301F-11D3-BF4B-00C04F79EFBC}") = "AtxCsvAnalyzerTests", "AtxCsvAnalyzerTests\AtxCsvAnalyzerTests.csproj", "{DAC21CD8-E6D0-44B3-8BCB-B75C0255336F}"
EndProject
Global
	GlobalSection(SolutionConfigurationPlatforms) = preSolution
		Debug|Any CPU = Debug|Any CPU
		Release|Any CPU = Release|Any CPU
	EndGlobalSection
	GlobalSection(ProjectConfigurationPlatforms) = postSolution
		{6F22ECD9-F75F-4B66-9277-11E05E51A59B}.Debug|Any CPU.ActiveCfg = Debug|Any CPU
		{6F22ECD9-F75F-4B66-9277-11E05E51A59B}.Debug|Any CPU.Build.0 = Debug|Any CPU
		{6F22ECD9-F75F-4B66-9277-11E05E51A59B}.Release|Any CPU.ActiveCfg = Release|Any CPU
		{6F22ECD9-F75F-4B66-9277-11E05E51A59B}.Release|Any CPU.Build.0 = Release|Any CPU
		{6DF4F5AD-16D7-4859-90B9-038BBEB9A445}.Debug|Any CPU.ActiveCfg = Debug|Any CPU
		{6DF4F5AD-16D7-4859-90B9-038BBEB9A445}.Debug|Any CPU.Build.0 = Debug|Any CPU
		{6DF4F5AD-16D7-4859-90B9-038BBEB9A445}.Release|Any CPU.ActiveCfg = Release|Any CPU
		{6DF4F5AD-16D7-4859-90B9-038BBEB9A445}.Release|Any CPU.Build.0 = Release|Any CPU
		{405D23B7-9FCD-4C45-8187-2A19E7322BEE}.Debug|Any CPU.ActiveCfg = Debug|Any CPU
		{405D23B7-9FCD-4C45-8187-2A19E7322BEE}.Debug|Any CPU.Build.0 = Debug|Any CPU
		{405D23B7-9FCD-4C45-8187-2A19E7322BEE}.Release|Any CPU.ActiveCfg = Release|Any CPU
		{405D23B7-9FCD-4C45-8187-2A19E7322BEE}.Release|Any CPU.Build.0 = Release|Any CPU
		{D3065108-739E-41EF-97C3-C834235190BD}.Debug|Any CPU.ActiveCfg = Debug|Any CPU
		{D3065108-739E-41EF-97C3-C834235190BD}.Debug|Any CPU.Build.0 = Debug|Any CPU
		{D3065108-739E-41EF-97C3-C834235190BD}.Release|Any CPU.ActiveCfg = Release|Any CPU
		{D3065108-739E-41EF-97C3-C834235190BD}.Release|Any CPU.Build.0 = Release|Any CPU
		{DAC21CD8-E6D0-44B3-8BCB-B75C0255336F}.Debug|Any CPU.ActiveCfg = Debug|Any CPU
		{DAC21CD8-E6D0-44B3-8BCB-B75C0255336F}.Debug|Any CPU.Build.0 = Debug|Any CPU
		{DAC21CD8-E6D0-44B3-8BCB-B75C0255336F}.Release|Any CPU.ActiveCfg = Release|Any CPU
		{DAC21CD8-E6D0-44B3-8BCB-B75C0255336F}.Release|Any CPU.Build.0 = Release|Any CPU
	EndGlobalSection
	GlobalSection(SolutionProperties) = preSolution
		HideSolutionNode = FALSE
	EndGlobalSection
	GlobalSection(ExtensibilityGlobals) = postSolution
		SolutionGuid = {C084D11D-1D2C-44D5-9D1C-46878B597377}
	EndGlobalSection
EndGlobal
